
Microsoft Visual Studio Solution File, Format Version 12.00
# Visual Studio 15
VisualStudioVersion = 15.0.26730.12
MinimumVisualStudioVersion = 10.0.40219.1
Project("{2150E333-8FDC-42A3-9474-1A3956D46DE8}") = "Source", "Source", "{853D988D-350C-4D1F-8DFA-A56CDF139181}"
EndProject
Project("{2150E333-8FDC-42A3-9474-1A3956D46DE8}") = "Tests", "Tests", "{1AC482B3-640B-4E5C-AE67-FC3E8359B85B}"
EndProject
Project("{9A19103F-16F7-4668-BE54-9A1E7A4F7556}") = "Fabric.Realtime.Core", "Fabric.Realtime.Core\Fabric.Realtime.Core.csproj", "{DFD09CD6-F943-436C-8C76-D25D07867A9C}"
EndProject
Project("{9A19103F-16F7-4668-BE54-9A1E7A4F7556}") = "Fabric.Realtime.Data", "Fabric.Realtime.Data\Fabric.Realtime.Data.csproj", "{D18868FC-E960-4C21-A1AB-B5061D1A903F}"
EndProject
Project("{9A19103F-16F7-4668-BE54-9A1E7A4F7556}") = "Fabric.Realtime.Engine", "Fabric.Realtime.Engine\Fabric.Realtime.Engine.csproj", "{2F95913B-1634-4072-833D-460AC2FD7402}"
EndProject
Project("{9A19103F-16F7-4668-BE54-9A1E7A4F7556}") = "Fabric.Realtime.Web", "Fabric.Realtime.Web\Fabric.Realtime.Web.csproj", "{263A2C20-FE42-4C08-9E32-58979E0152E1}"
EndProject
Project("{FAE04EC0-301F-11D3-BF4B-00C04F79EFBC}") = "Fabric.Realtime.WindowsService", "Fabric.Realtime.WindowsService\Fabric.Realtime.WindowsService.csproj", "{C784BEFE-F257-472A-8569-2BA8AA372990}"
EndProject
Global
	GlobalSection(SolutionConfigurationPlatforms) = preSolution
		Debug|Any CPU = Debug|Any CPU
		Release|Any CPU = Release|Any CPU
	EndGlobalSection
	GlobalSection(ProjectConfigurationPlatforms) = postSolution
		{DFD09CD6-F943-436C-8C76-D25D07867A9C}.Debug|Any CPU.ActiveCfg = Debug|Any CPU
		{DFD09CD6-F943-436C-8C76-D25D07867A9C}.Debug|Any CPU.Build.0 = Debug|Any CPU
		{DFD09CD6-F943-436C-8C76-D25D07867A9C}.Release|Any CPU.ActiveCfg = Release|Any CPU
		{DFD09CD6-F943-436C-8C76-D25D07867A9C}.Release|Any CPU.Build.0 = Release|Any CPU
		{D18868FC-E960-4C21-A1AB-B5061D1A903F}.Debug|Any CPU.ActiveCfg = Debug|Any CPU
		{D18868FC-E960-4C21-A1AB-B5061D1A903F}.Debug|Any CPU.Build.0 = Debug|Any CPU
		{D18868FC-E960-4C21-A1AB-B5061D1A903F}.Release|Any CPU.ActiveCfg = Release|Any CPU
		{D18868FC-E960-4C21-A1AB-B5061D1A903F}.Release|Any CPU.Build.0 = Release|Any CPU
		{2F95913B-1634-4072-833D-460AC2FD7402}.Debug|Any CPU.ActiveCfg = Debug|Any CPU
		{2F95913B-1634-4072-833D-460AC2FD7402}.Debug|Any CPU.Build.0 = Debug|Any CPU
		{2F95913B-1634-4072-833D-460AC2FD7402}.Release|Any CPU.ActiveCfg = Release|Any CPU
		{2F95913B-1634-4072-833D-460AC2FD7402}.Release|Any CPU.Build.0 = Release|Any CPU
		{263A2C20-FE42-4C08-9E32-58979E0152E1}.Debug|Any CPU.ActiveCfg = Debug|Any CPU
		{263A2C20-FE42-4C08-9E32-58979E0152E1}.Debug|Any CPU.Build.0 = Debug|Any CPU
		{263A2C20-FE42-4C08-9E32-58979E0152E1}.Release|Any CPU.ActiveCfg = Release|Any CPU
		{263A2C20-FE42-4C08-9E32-58979E0152E1}.Release|Any CPU.Build.0 = Release|Any CPU
		{C784BEFE-F257-472A-8569-2BA8AA372990}.Debug|Any CPU.ActiveCfg = Debug|Any CPU
		{C784BEFE-F257-472A-8569-2BA8AA372990}.Debug|Any CPU.Build.0 = Debug|Any CPU
		{C784BEFE-F257-472A-8569-2BA8AA372990}.Release|Any CPU.ActiveCfg = Release|Any CPU
		{C784BEFE-F257-472A-8569-2BA8AA372990}.Release|Any CPU.Build.0 = Release|Any CPU
	EndGlobalSection
	GlobalSection(SolutionProperties) = preSolution
		HideSolutionNode = FALSE
	EndGlobalSection
	GlobalSection(NestedProjects) = preSolution
		{DFD09CD6-F943-436C-8C76-D25D07867A9C} = {853D988D-350C-4D1F-8DFA-A56CDF139181}
		{D18868FC-E960-4C21-A1AB-B5061D1A903F} = {853D988D-350C-4D1F-8DFA-A56CDF139181}
		{2F95913B-1634-4072-833D-460AC2FD7402} = {853D988D-350C-4D1F-8DFA-A56CDF139181}
		{263A2C20-FE42-4C08-9E32-58979E0152E1} = {853D988D-350C-4D1F-8DFA-A56CDF139181}
		{C784BEFE-F257-472A-8569-2BA8AA372990} = {853D988D-350C-4D1F-8DFA-A56CDF139181}
	EndGlobalSection
	GlobalSection(ExtensibilityGlobals) = postSolution
		SolutionGuid = {6CA73924-AE81-4ECC-B16E-0B4A21A3D283}
	EndGlobalSection
EndGlobal
